// !$*UTF8*$!
{
	archiveVersion = 1;
	classes = {
	};
	objectVersion = 46;
	objects = {

/* Begin PBXBuildFile section */
		495B9F64194EFD9F00017CAF /* main.swift in Sources */ = {isa = PBXBuildFile; fileRef = 495B9F63194EFD9F00017CAF /* main.swift */; };
/* End PBXBuildFile section */

/* Begin PBXCopyFilesBuildPhase section */
		495B9F5E194EFD9F00017CAF /* CopyFiles */ = {
			isa = PBXCopyFilesBuildPhase;
			buildActionMask = 2147483647;
			dstPath = /usr/share/man/man1/;
			dstSubfolderSpec = 0;
			files = (
			);
			runOnlyForDeploymentPostprocessing = 1;
		};
/* End PBXCopyFilesBuildPhase section */

/* Begin PBXFileReference section */
		495B9F5B194EFC7900017CAF /* Decimal.swift */ = {isa = PBXFileReference; lastKnownFileType = sourcecode.swift; name = Decimal.swift; path = "Swift-Decimal/Decimal.swift"; sourceTree = "<group>"; };
		495B9F60194EFD9F00017CAF /* Swift-Decimal */ = {isa = PBXFileReference; explicitFileType = "compiled.mach-o.executable"; includeInIndex = 0; path = "Swift-Decimal"; sourceTree = BUILT_PRODUCTS_DIR; };
		495B9F63194EFD9F00017CAF /* main.swift */ = {isa = PBXFileReference; lastKnownFileType = sourcecode.swift; path = main.swift; sourceTree = "<group>"; };
/* End PBXFileReference section */

/* Begin PBXFrameworksBuildPhase section */
		495B9F5D194EFD9F00017CAF /* Frameworks */ = {
			isa = PBXFrameworksBuildPhase;
			buildActionMask = 2147483647;
			files = (
			);
			runOnlyForDeploymentPostprocessing = 0;
		};
/* End PBXFrameworksBuildPhase section */

/* Begin PBXGroup section */
		495B9F54194EFC2400017CAF = {
			isa = PBXGroup;
			children = (
				495B9F5B194EFC7900017CAF /* Decimal.swift */,
				495B9F62194EFD9F00017CAF /* Swift-Decimal */,
				495B9F61194EFD9F00017CAF /* Products */,
			);
			sourceTree = "<group>";
		};
		495B9F61194EFD9F00017CAF /* Products */ = {
			isa = PBXGroup;
			children = (
				495B9F60194EFD9F00017CAF /* Swift-Decimal */,
			);
			name = Products;
			sourceTree = "<group>";
		};
		495B9F62194EFD9F00017CAF /* Swift-Decimal */ = {
			isa = PBXGroup;
			children = (
				495B9F63194EFD9F00017CAF /* main.swift */,
			);
			path = "Swift-Decimal";
			sourceTree = "<group>";
		};
/* End PBXGroup section */

/* Begin PBXNativeTarget section */
		495B9F5F194EFD9F00017CAF /* Swift-Decimal */ = {
			isa = PBXNativeTarget;
			buildConfigurationList = 495B9F65194EFD9F00017CAF /* Build configuration list for PBXNativeTarget "Swift-Decimal" */;
			buildPhases = (
				495B9F5C194EFD9F00017CAF /* Sources */,
				495B9F5D194EFD9F00017CAF /* Frameworks */,
				495B9F5E194EFD9F00017CAF /* CopyFiles */,
			);
			buildRules = (
			);
			dependencies = (
			);
			name = "Swift-Decimal";
			productName = "Swift-Decimal";
			productReference = 495B9F60194EFD9F00017CAF /* Swift-Decimal */;
			productType = "com.apple.product-type.tool";
		};
/* End PBXNativeTarget section */

/* Begin PBXProject section */
		495B9F55194EFC2400017CAF /* Project object */ = {
			isa = PBXProject;
			attributes = {
				LastUpgradeCheck = 0600;
				TargetAttributes = {
					495B9F5F194EFD9F00017CAF = {
						CreatedOnToolsVersion = 6.0;
					};
				};
			};
			buildConfigurationList = 495B9F58194EFC2400017CAF /* Build configuration list for PBXProject "Swift-Decimal" */;
			compatibilityVersion = "Xcode 3.2";
			developmentRegion = English;
			hasScannedForEncodings = 0;
			knownRegions = (
				en,
			);
			mainGroup = 495B9F54194EFC2400017CAF;
			productRefGroup = 495B9F61194EFD9F00017CAF /* Products */;
			projectDirPath = "";
			projectRoot = "";
			targets = (
				495B9F5F194EFD9F00017CAF /* Swift-Decimal */,
			);
		};
/* End PBXProject section */

/* Begin PBXSourcesBuildPhase section */
		495B9F5C194EFD9F00017CAF /* Sources */ = {
			isa = PBXSourcesBuildPhase;
			buildActionMask = 2147483647;
			files = (
				495B9F64194EFD9F00017CAF /* main.swift in Sources */,
			);
			runOnlyForDeploymentPostprocessing = 0;
		};
/* End PBXSourcesBuildPhase section */

/* Begin XCBuildConfiguration section */
		495B9F59194EFC2400017CAF /* Debug */ = {
			isa = XCBuildConfiguration;
			buildSettings = {
			};
			name = Debug;
		};
		495B9F5A194EFC2400017CAF /* Release */ = {
			isa = XCBuildConfiguration;
			buildSettings = {
			};
			name = Release;
		};
		495B9F66194EFD9F00017CAF /* Debug */ = {
			isa = XCBuildConfiguration;
			buildSettings = {
				ALWAYS_SEARCH_USER_PATHS = NO;
				CLANG_CXX_LANGUAGE_STANDARD = "gnu++0x";
				CLANG_CXX_LIBRARY = "libc++";
				CLANG_ENABLE_MODULES = YES;
				CLANG_ENABLE_OBJC_ARC = YES;
				CLANG_WARN_BOOL_CONVERSION = YES;
				CLANG_WARN_CONSTANT_CONVERSION = YES;
				CLANG_WARN_DIRECT_OBJC_ISA_USAGE = YES_ERROR;
				CLANG_WARN_EMPTY_BODY = YES;
				CLANG_WARN_ENUM_CONVERSION = YES;
				CLANG_WARN_INT_CONVERSION = YES;
				CLANG_WARN_OBJC_ROOT_CLASS = YES_ERROR;
				CLANG_WARN_UNREACHABLE_CODE = YES;
				CLANG_WARN__DUPLICATE_METHOD_MATCH = YES;
				COPY_PHASE_STRIP = NO;
				ENABLE_STRICT_OBJC_MSGSEND = YES;
				GCC_C_LANGUAGE_STANDARD = gnu99;
				GCC_DYNAMIC_NO_PIC = NO;
				GCC_OPTIMIZATION_LEVEL = 0;
				GCC_PREPROCESSOR_DEFINITIONS = (
					"DEBUG=1",
					"$(inherited)",
				);
				GCC_SYMBOLS_PRIVATE_EXTERN = NO;
				GCC_WARN_64_TO_32_BIT_CONVERSION = YES;
				GCC_WARN_ABOUT_RETURN_TYPE = YES_ERROR;
				GCC_WARN_UNDECLARED_SELECTOR = YES;
				GCC_WARN_UNINITIALIZED_AUTOS = YES_AGGRESSIVE;
				GCC_WARN_UNUSED_FUNCTION = YES;
				GCC_WARN_UNUSED_VARIABLE = YES;
				MACOSX_DEPLOYMENT_TARGET = 10.9;
				METAL_ENABLE_DEBUG_INFO = YES;
				ONLY_ACTIVE_ARCH = YES;
				PRODUCT_NAME = "$(TARGET_NAME)";
				SDKROOT = macosx;
				SWIFT_OPTIMIZATION_LEVEL = "-Onone";
			};
			name = Debug;
		};
		495B9F67194EFD9F00017CAF /* Release */ = {
			isa = XCBuildConfiguration;
			buildSettings = {
				ALWAYS_SEARCH_USER_PATHS = NO;
				CLANG_CXX_LANGUAGE_STANDARD = "gnu++0x";
				CLANG_CXX_LIBRARY = "libc++";
				CLANG_ENABLE_MODULES = YES;
				CLANG_ENABLE_OBJC_ARC = YES;
				CLANG_WARN_BOOL_CONVERSION = YES;
				CLANG_WARN_CONSTANT_CONVERSION = YES;
				CLANG_WARN_DIRECT_OBJC_ISA_USAGE = YES_ERROR;
				CLANG_WARN_EMPTY_BODY = YES;
				CLANG_WARN_ENUM_CONVERSION = YES;
				CLANG_WARN_INT_CONVERSION = YES;
				CLANG_WARN_OBJC_ROOT_CLASS = YES_ERROR;
				CLANG_WARN_UNREACHABLE_CODE = YES;
				CLANG_WARN__DUPLICATE_METHOD_MATCH = YES;
				COPY_PHASE_STRIP = YES;
				DEBUG_INFORMATION_FORMAT = "dwarf-with-dsym";
				ENABLE_NS_ASSERTIONS = NO;
				ENABLE_STRICT_OBJC_MSGSEND = YES;
				GCC_C_LANGUAGE_STANDARD = gnu99;
				GCC_WARN_64_TO_32_BIT_CONVERSION = YES;
				GCC_WARN_ABOUT_RETURN_TYPE = YES_ERROR;
				GCC_WARN_UNDECLARED_SELECTOR = YES;
				GCC_WARN_UNINITIALIZED_AUTOS = YES_AGGRESSIVE;
				GCC_WARN_UNUSED_FUNCTION = YES;
				GCC_WARN_UNUSED_VARIABLE = YES;
				MACOSX_DEPLOYMENT_TARGET = 10.9;
				METAL_ENABLE_DEBUG_INFO = NO;
				PRODUCT_NAME = "$(TARGET_NAME)";
				SDKROOT = macosx;
			};
			name = Release;
		};
/* End XCBuildConfiguration section */

/* Begin XCConfigurationList section */
		495B9F58194EFC2400017CAF /* Build configuration list for PBXProject "Swift-Decimal" */ = {
			isa = XCConfigurationList;
			buildConfigurations = (
				495B9F59194EFC2400017CAF /* Debug */,
				495B9F5A194EFC2400017CAF /* Release */,
			);
			defaultConfigurationIsVisible = 0;
			defaultConfigurationName = Release;
		};
		495B9F65194EFD9F00017CAF /* Build configuration list for PBXNativeTarget "Swift-Decimal" */ = {
			isa = XCConfigurationList;
			buildConfigurations = (
				495B9F66194EFD9F00017CAF /* Debug */,
				495B9F67194EFD9F00017CAF /* Release */,
			);
			defaultConfigurationIsVisible = 0;
		};
/* End XCConfigurationList section */
	};
	rootObject = 495B9F55194EFC2400017CAF /* Project object */;
}
